// !$*UTF8*$!
{
	archiveVersion = 1;
	classes = {
	};
	objectVersion = 52;
	objects = {

/* Begin PBXBuildFile section */
		970622421E2C32100020743C /* EventsNavigationViewController.swift in Sources */ = {isa = PBXBuildFile; fileRef = 970622411E2C32100020743C /* EventsNavigationViewController.swift */; };
		97069CD42627BC4200102F89 /* EventDetailsPresenter.swift in Sources */ = {isa = PBXBuildFile; fileRef = 97069CD32627BC4200102F89 /* EventDetailsPresenter.swift */; };
		97069CDA2627BC5D00102F89 /* EventDetailsRouter.swift in Sources */ = {isa = PBXBuildFile; fileRef = 97069CD92627BC5D00102F89 /* EventDetailsRouter.swift */; };
		97069CE22627C3B200102F89 /* EventDetailsViewController.swift in Sources */ = {isa = PBXBuildFile; fileRef = 97069CE12627C3B200102F89 /* EventDetailsViewController.swift */; };
		9707A7E91DBBFD6100C4A9C0 /* EventsPresenter.swift in Sources */ = {isa = PBXBuildFile; fileRef = 9707A7E81DBBFD6100C4A9C0 /* EventsPresenter.swift */; };
		9707A7EB1DBC073D00C4A9C0 /* EventsInteractor.swift in Sources */ = {isa = PBXBuildFile; fileRef = 9707A7EA1DBC073D00C4A9C0 /* EventsInteractor.swift */; };
		970C5766261ECBD000C71592 /* EventSectionHeader.swift in Sources */ = {isa = PBXBuildFile; fileRef = 970C5765261ECBD000C71592 /* EventSectionHeader.swift */; };
		970D93621BC4765900D7F1FF /* UIColor+Colors.swift in Sources */ = {isa = PBXBuildFile; fileRef = 970D93611BC4765900D7F1FF /* UIColor+Colors.swift */; };
		971029312626B536007300E3 /* EventDetailsView.swift in Sources */ = {isa = PBXBuildFile; fileRef = 971029302626B536007300E3 /* EventDetailsView.swift */; };
		9712376125F0A9F600924986 /* NoteCircleImageView.swift in Sources */ = {isa = PBXBuildFile; fileRef = 9712376025F0A9F600924986 /* NoteCircleImageView.swift */; };
		9715A27F26671F8C00719111 /* DatePickerManager.swift in Sources */ = {isa = PBXBuildFile; fileRef = 9715A27E26671F8C00719111 /* DatePickerManager.swift */; };
		9719CCC6283DFF4800A3A18F /* Flurry in Frameworks */ = {isa = PBXBuildFile; productRef = 9719CCC5283DFF4800A3A18F /* Flurry */; };
		971E488926BDFF5800DE5691 /* DispatchQueue+Helpers.swift in Sources */ = {isa = PBXBuildFile; fileRef = 971E488826BDFF5800DE5691 /* DispatchQueue+Helpers.swift */; };
		971E488B26BE125C00DE5691 /* InitialImportView.swift in Sources */ = {isa = PBXBuildFile; fileRef = 971E488A26BE125C00DE5691 /* InitialImportView.swift */; };
		9727AA4726AF88C600E21313 /* EventDetails.swift in Sources */ = {isa = PBXBuildFile; fileRef = 9727AA4626AF88C600E21313 /* EventDetails.swift */; };
		972BFE7A26159F87003B7429 /* RoundedButton.swift in Sources */ = {isa = PBXBuildFile; fileRef = 972BFE7926159F87003B7429 /* RoundedButton.swift */; };
		97364CE61AFBF44A0095BC57 /* AppDelegate.swift in Sources */ = {isa = PBXBuildFile; fileRef = 97364CE51AFBF44A0095BC57 /* AppDelegate.swift */; };
		97364CEB1AFBF44A0095BC57 /* InitialImportViewController.swift in Sources */ = {isa = PBXBuildFile; fileRef = 97364CEA1AFBF44A0095BC57 /* InitialImportViewController.swift */; };
		97364CEE1AFBF44A0095BC57 /* Main.storyboard in Resources */ = {isa = PBXBuildFile; fileRef = 97364CEC1AFBF44A0095BC57 /* Main.storyboard */; };
		97364CF01AFBF44A0095BC57 /* Images.xcassets in Resources */ = {isa = PBXBuildFile; fileRef = 97364CEF1AFBF44A0095BC57 /* Images.xcassets */; };
		97364CF31AFBF44A0095BC57 /* LaunchScreen.xib in Resources */ = {isa = PBXBuildFile; fileRef = 97364CF11AFBF44A0095BC57 /* LaunchScreen.xib */; };
		97364CFF1AFBF44A0095BC57 /* DateAidTests.swift in Sources */ = {isa = PBXBuildFile; fileRef = 97364CFE1AFBF44A0095BC57 /* DateAidTests.swift */; };
		9749E6CF24837C1200DAAB49 /* CoreDataManager.swift in Sources */ = {isa = PBXBuildFile; fileRef = 9749E6CE24837C1200DAAB49 /* CoreDataManager.swift */; };
		974E950D267E94B00018A9D5 /* EventCreationManager.swift in Sources */ = {isa = PBXBuildFile; fileRef = 974E950C267E94B00018A9D5 /* EventCreationManager.swift */; };
		975713AD24553A9900EDD963 /* CircleLabel.swift in Sources */ = {isa = PBXBuildFile; fileRef = 975713AC24553A9900EDD963 /* CircleLabel.swift */; };
		975713AF24553BD400EDD963 /* CircleImageView.swift in Sources */ = {isa = PBXBuildFile; fileRef = 975713AE24553BD400EDD963 /* CircleImageView.swift */; };
		975975EF25EE1134006C5285 /* Array+Subscript.swift in Sources */ = {isa = PBXBuildFile; fileRef = 975975EE25EE1134006C5285 /* Array+Subscript.swift */; };
		9763D5292535749000EB10BC /* DeviceModel.swift in Sources */ = {isa = PBXBuildFile; fileRef = 9763D5282535749000EB10BC /* DeviceModel.swift */; };
		976473AC24330CE000D2F11D /* EventCircleImageView.swift in Sources */ = {isa = PBXBuildFile; fileRef = 976473AB24330CE000D2F11D /* EventCircleImageView.swift */; };
		97682FF31DB3032600E8C5E6 /* InitialImportPresenter.swift in Sources */ = {isa = PBXBuildFile; fileRef = 97682FF21DB3032600E8C5E6 /* InitialImportPresenter.swift */; };
		97690A6E2526EAD200E396EB /* ReminderCircleLabel.swift in Sources */ = {isa = PBXBuildFile; fileRef = 97690A6D2526EAD200E396EB /* ReminderCircleLabel.swift */; };
		976BD4F71B2D079200415D65 /* EventCell.swift in Sources */ = {isa = PBXBuildFile; fileRef = 976BD4F61B2D079200415D65 /* EventCell.swift */; };
		976ED7791DA0D5E300AC5D29 /* ContactManager.swift in Sources */ = {isa = PBXBuildFile; fileRef = 976ED7781DA0D5E300AC5D29 /* ContactManager.swift */; };
		9774AB4528449D7E00FC1C12 /* ReminderView.swift in Sources */ = {isa = PBXBuildFile; fileRef = 9774AB3E28449D7E00FC1C12 /* ReminderView.swift */; };
		9774AB4628449D7E00FC1C12 /* ReminderPresenter.swift in Sources */ = {isa = PBXBuildFile; fileRef = 9774AB3F28449D7E00FC1C12 /* ReminderPresenter.swift */; };
		9774AB4728449D7E00FC1C12 /* ReminderViewController.swift in Sources */ = {isa = PBXBuildFile; fileRef = 9774AB4028449D7E00FC1C12 /* ReminderViewController.swift */; };
		9774AB4828449D7E00FC1C12 /* Reminder.swift in Sources */ = {isa = PBXBuildFile; fileRef = 9774AB4128449D7E00FC1C12 /* Reminder.swift */; };
		9774AB4928449D7E00FC1C12 /* ReminderInteractor.swift in Sources */ = {isa = PBXBuildFile; fileRef = 9774AB4228449D7E00FC1C12 /* ReminderInteractor.swift */; };
		9774AB4A28449D7E00FC1C12 /* ReminderRouter.swift in Sources */ = {isa = PBXBuildFile; fileRef = 9774AB4328449D7E00FC1C12 /* ReminderRouter.swift */; };
		9774AB4B28449D7E00FC1C12 /* ReminderDetails.swift in Sources */ = {isa = PBXBuildFile; fileRef = 9774AB4428449D7E00FC1C12 /* ReminderDetails.swift */; };
		9774AC87263BDDF90066CFB5 /* NoteCell.swift in Sources */ = {isa = PBXBuildFile; fileRef = 9774AC86263BDDF90066CFB5 /* NoteCell.swift */; };
		9774DB532467C5E800211D9A /* BaseView.swift in Sources */ = {isa = PBXBuildFile; fileRef = 9774DB522467C5E800211D9A /* BaseView.swift */; };
		9774DB562467C61300211D9A /* ConstructableView.swift in Sources */ = {isa = PBXBuildFile; fileRef = 9774DB552467C61300211D9A /* ConstructableView.swift */; };
		977E3B021DA197FF005D131F /* CNContact+Tasks.swift in Sources */ = {isa = PBXBuildFile; fileRef = 977E3B011DA197FF005D131F /* CNContact+Tasks.swift */; };
		977E3B041DA1A4A1005D131F /* EventType.swift in Sources */ = {isa = PBXBuildFile; fileRef = 977E3B031DA1A4A1005D131F /* EventType.swift */; };
		97811EF3247236D2009787DA /* PaddedTextField.swift in Sources */ = {isa = PBXBuildFile; fileRef = 97811EF2247236D2009787DA /* PaddedTextField.swift */; };
		9781F363261BD8620086CC01 /* EventsView.swift in Sources */ = {isa = PBXBuildFile; fileRef = 9781F362261BD8620086CC01 /* EventsView.swift */; };
		9781F9861E3E8A3A00E2C434 /* EventsNavigationPresenter.swift in Sources */ = {isa = PBXBuildFile; fileRef = 9781F9851E3E8A3A00E2C434 /* EventsNavigationPresenter.swift */; };
		9781F9881E3E8A4500E2C434 /* EventsNavigationRouter.swift in Sources */ = {isa = PBXBuildFile; fileRef = 9781F9871E3E8A4500E2C434 /* EventsNavigationRouter.swift */; };
		978E710525D25E060052AD24 /* UIDevice+Type.swift in Sources */ = {isa = PBXBuildFile; fileRef = 978E710425D25E060052AD24 /* UIDevice+Type.swift */; };
		97901FAC2467C82C00912CB0 /* Populatable.swift in Sources */ = {isa = PBXBuildFile; fileRef = 97901FAB2467C82C00912CB0 /* Populatable.swift */; };
		9791F78C1BD4CCDF001E82BB /* Address.swift in Sources */ = {isa = PBXBuildFile; fileRef = 9791F78A1BD4CCDF001E82BB /* Address.swift */; };
		97943B591B0EDEB3004FC095 /* DateAid.xcdatamodeld in Sources */ = {isa = PBXBuildFile; fileRef = 97943B571B0EDEB3004FC095 /* DateAid.xcdatamodeld */; };
		9794A92B262E533700C2385C /* EventDetailsInteractor.swift in Sources */ = {isa = PBXBuildFile; fileRef = 9794A92A262E533700C2385C /* EventDetailsInteractor.swift */; };
		9796AEC825EFF660003933C5 /* NoteDetailsViewController.swift in Sources */ = {isa = PBXBuildFile; fileRef = 9796AEC725EFF660003933C5 /* NoteDetailsViewController.swift */; };
		9796AECC25EFF69C003933C5 /* NoteDetailsRouter.swift in Sources */ = {isa = PBXBuildFile; fileRef = 9796AECB25EFF69C003933C5 /* NoteDetailsRouter.swift */; };
		9796AED025EFF6A9003933C5 /* NoteDetailsPresenter.swift in Sources */ = {isa = PBXBuildFile; fileRef = 9796AECF25EFF6A9003933C5 /* NoteDetailsPresenter.swift */; };
		9796AED625EFF6B4003933C5 /* NoteDetailsInteractor.swift in Sources */ = {isa = PBXBuildFile; fileRef = 9796AED525EFF6B4003933C5 /* NoteDetailsInteractor.swift */; };
		9796AEE425F09177003933C5 /* NoteDetailType.swift in Sources */ = {isa = PBXBuildFile; fileRef = 9796AEE325F09177003933C5 /* NoteDetailType.swift */; };
		979C36A51E0E12770098345E /* EventsRouter.swift in Sources */ = {isa = PBXBuildFile; fileRef = 979C36A41E0E12770098345E /* EventsRouter.swift */; };
		979C36A71E0E14A80098345E /* InitialImportEventHandling.swift in Sources */ = {isa = PBXBuildFile; fileRef = 979C36A61E0E14A80098345E /* InitialImportEventHandling.swift */; };
		979C36A91E0E14B20098345E /* InitialImportViewOutputting.swift in Sources */ = {isa = PBXBuildFile; fileRef = 979C36A81E0E14B20098345E /* InitialImportViewOutputting.swift */; };
		979C36AB1E0E14C20098345E /* InitialImportWireframe.swift in Sources */ = {isa = PBXBuildFile; fileRef = 979C36AA1E0E14C20098345E /* InitialImportWireframe.swift */; };
		979F3DC9262AAB38000FD1EB /* EventAging.swift in Sources */ = {isa = PBXBuildFile; fileRef = 979F3DC8262AAB38000FD1EB /* EventAging.swift */; };
		97A00A91248C84D900AB7F85 /* NotificationManager.swift in Sources */ = {isa = PBXBuildFile; fileRef = 97A00A90248C84D900AB7F85 /* NotificationManager.swift */; };
		97AD26A91BD81C59004C1C7D /* Note.swift in Sources */ = {isa = PBXBuildFile; fileRef = 97AD26A71BD81C59004C1C7D /* Note.swift */; };
		97AEAC0C1B2DFD6900ADF181 /* Optional+IsEmptyOrNil.swift in Sources */ = {isa = PBXBuildFile; fileRef = 97AEAC0B1B2DFD6900ADF181 /* Optional+IsEmptyOrNil.swift */; };
		97AEAC0E1B2EA58000ADF181 /* Date+Utilities.swift in Sources */ = {isa = PBXBuildFile; fileRef = 97AEAC0D1B2EA58000ADF181 /* Date+Utilities.swift */; };
		97B099BC1BF55C5600ADE476 /* Security.framework in Frameworks */ = {isa = PBXBuildFile; fileRef = 97B099BB1BF55C5600ADE476 /* Security.framework */; };
		97B099BE1BF55C5C00ADE476 /* SystemConfiguration.framework in Frameworks */ = {isa = PBXBuildFile; fileRef = 97B099BD1BF55C5C00ADE476 /* SystemConfiguration.framework */; };
		97B40DAB1DA17900000DA0E0 /* ContactConverter.swift in Sources */ = {isa = PBXBuildFile; fileRef = 97B40DAA1DA17900000DA0E0 /* ContactConverter.swift */; };
		97B40DAD1DA18DA6000DA0E0 /* NSManagedObjectContext+Fetch.swift in Sources */ = {isa = PBXBuildFile; fileRef = 97B40DAC1DA18DA6000DA0E0 /* NSManagedObjectContext+Fetch.swift */; };
		97B5F1A91BD02F3C00CEFFAF /* Event.swift in Sources */ = {isa = PBXBuildFile; fileRef = 97B5F1A81BD02F3C00CEFFAF /* Event.swift */; };
		97B67D861E512F86006C3216 /* InitialImportInteractor.swift in Sources */ = {isa = PBXBuildFile; fileRef = 97B67D851E512F86006C3216 /* InitialImportInteractor.swift */; };
		97B67D881E512F95006C3216 /* InitialImportInteractorInputting.swift in Sources */ = {isa = PBXBuildFile; fileRef = 97B67D871E512F95006C3216 /* InitialImportInteractorInputting.swift */; };
		97B67D8A1E512FA1006C3216 /* InitialImportInteractorOutputting.swift in Sources */ = {isa = PBXBuildFile; fileRef = 97B67D891E512FA1006C3216 /* InitialImportInteractorOutputting.swift */; };
		97B9A517262CA5B600C980AC /* InfoCircleImageView.swift in Sources */ = {isa = PBXBuildFile; fileRef = 97B9A516262CA5B600C980AC /* InfoCircleImageView.swift */; };
		97B9A51F262CA5ED00C980AC /* InfoType.swift in Sources */ = {isa = PBXBuildFile; fileRef = 97B9A51E262CA5ED00C980AC /* InfoType.swift */; };
		97BDFCF0265E124E0061E0CB /* EventCreationRouter.swift in Sources */ = {isa = PBXBuildFile; fileRef = 97BDFCEF265E124E0061E0CB /* EventCreationRouter.swift */; };
		97BDFCF2265E13520061E0CB /* EventCreationView.swift in Sources */ = {isa = PBXBuildFile; fileRef = 97BDFCF1265E13520061E0CB /* EventCreationView.swift */; };
		97BDFCF4265E136B0061E0CB /* EventCreationViewController.swift in Sources */ = {isa = PBXBuildFile; fileRef = 97BDFCF3265E136B0061E0CB /* EventCreationViewController.swift */; };
		97BDFCF8265E138E0061E0CB /* EventCreationPresenter.swift in Sources */ = {isa = PBXBuildFile; fileRef = 97BDFCF7265E138E0061E0CB /* EventCreationPresenter.swift */; };
		97BDFCFA265E13A00061E0CB /* EventCreationInteractor.swift in Sources */ = {isa = PBXBuildFile; fileRef = 97BDFCF9265E13A00061E0CB /* EventCreationInteractor.swift */; };
		97C05179269686AE00709C0F /* UIView+Spring.swift in Sources */ = {isa = PBXBuildFile; fileRef = 97C05178269686AE00709C0F /* UIView+Spring.swift */; };
		97C059F326C1039500DF7160 /* CalendarManager.swift in Sources */ = {isa = PBXBuildFile; fileRef = 97C059F226C1039500DF7160 /* CalendarManager.swift */; };
		97D0C114260C2ED300700C09 /* NoteDetailsView.swift in Sources */ = {isa = PBXBuildFile; fileRef = 97D0C113260C2ED300700C09 /* NoteDetailsView.swift */; };
		97D7E20E24D760E300A28F60 /* Font.swift in Sources */ = {isa = PBXBuildFile; fileRef = 97D7E20D24D760E300A28F60 /* Font.swift */; };
		97E0818B1DAA1F5B00B0ED5F /* EventsViewController.swift in Sources */ = {isa = PBXBuildFile; fileRef = 97E0818A1DAA1F5B00B0ED5F /* EventsViewController.swift */; };
		97E5F36C263DC5AB00395D87 /* Routing.swift in Sources */ = {isa = PBXBuildFile; fileRef = 97E5F36B263DC5AB00395D87 /* Routing.swift */; };
		97E8E5F5268AE431004D355D /* Calendar+Utilities.swift in Sources */ = {isa = PBXBuildFile; fileRef = 97E8E5F4268AE431004D355D /* Calendar+Utilities.swift */; };
		97F7AE5525E779BF0023BFA5 /* NoteType.swift in Sources */ = {isa = PBXBuildFile; fileRef = 97F7AE5425E779BF0023BFA5 /* NoteType.swift */; };
		97F7B1D3263DDC1F001D1313 /* Route.swift in Sources */ = {isa = PBXBuildFile; fileRef = 97F7B1D2263DDC1F001D1313 /* Route.swift */; };
		97F8FFC725F9E618003F05D2 /* EventNaming.swift in Sources */ = {isa = PBXBuildFile; fileRef = 97F8FFC625F9E618003F05D2 /* EventNaming.swift */; };
/* End PBXBuildFile section */

/* Begin PBXContainerItemProxy section */
		97364CF91AFBF44A0095BC57 /* PBXContainerItemProxy */ = {
			isa = PBXContainerItemProxy;
			containerPortal = 97364CD81AFBF44A0095BC57 /* Project object */;
			proxyType = 1;
			remoteGlobalIDString = 97364CDF1AFBF44A0095BC57;
			remoteInfo = DateAid;
		};
/* End PBXContainerItemProxy section */

/* Begin PBXFileReference section */
		970622411E2C32100020743C /* EventsNavigationViewController.swift */ = {isa = PBXFileReference; fileEncoding = 4; lastKnownFileType = sourcecode.swift; path = EventsNavigationViewController.swift; sourceTree = "<group>"; };
		97069CD32627BC4200102F89 /* EventDetailsPresenter.swift */ = {isa = PBXFileReference; lastKnownFileType = sourcecode.swift; path = EventDetailsPresenter.swift; sourceTree = "<group>"; };
		97069CD92627BC5D00102F89 /* EventDetailsRouter.swift */ = {isa = PBXFileReference; lastKnownFileType = sourcecode.swift; path = EventDetailsRouter.swift; sourceTree = "<group>"; };
		97069CE12627C3B200102F89 /* EventDetailsViewController.swift */ = {isa = PBXFileReference; lastKnownFileType = sourcecode.swift; path = EventDetailsViewController.swift; sourceTree = "<group>"; };
		9707A7E81DBBFD6100C4A9C0 /* EventsPresenter.swift */ = {isa = PBXFileReference; fileEncoding = 4; lastKnownFileType = sourcecode.swift; path = EventsPresenter.swift; sourceTree = "<group>"; };
		9707A7EA1DBC073D00C4A9C0 /* EventsInteractor.swift */ = {isa = PBXFileReference; fileEncoding = 4; lastKnownFileType = sourcecode.swift; path = EventsInteractor.swift; sourceTree = "<group>"; };
		970C5765261ECBD000C71592 /* EventSectionHeader.swift */ = {isa = PBXFileReference; lastKnownFileType = sourcecode.swift; path = EventSectionHeader.swift; sourceTree = "<group>"; };
		970D93611BC4765900D7F1FF /* UIColor+Colors.swift */ = {isa = PBXFileReference; fileEncoding = 4; lastKnownFileType = sourcecode.swift; path = "UIColor+Colors.swift"; sourceTree = "<group>"; };
		971029302626B536007300E3 /* EventDetailsView.swift */ = {isa = PBXFileReference; lastKnownFileType = sourcecode.swift; path = EventDetailsView.swift; sourceTree = "<group>"; };
		9712376025F0A9F600924986 /* NoteCircleImageView.swift */ = {isa = PBXFileReference; lastKnownFileType = sourcecode.swift; path = NoteCircleImageView.swift; sourceTree = "<group>"; };
		9715A27E26671F8C00719111 /* DatePickerManager.swift */ = {isa = PBXFileReference; lastKnownFileType = sourcecode.swift; path = DatePickerManager.swift; sourceTree = "<group>"; };
		971E488826BDFF5800DE5691 /* DispatchQueue+Helpers.swift */ = {isa = PBXFileReference; lastKnownFileType = sourcecode.swift; path = "DispatchQueue+Helpers.swift"; sourceTree = "<group>"; };
		971E488A26BE125C00DE5691 /* InitialImportView.swift */ = {isa = PBXFileReference; lastKnownFileType = sourcecode.swift; path = InitialImportView.swift; sourceTree = "<group>"; };
		9727AA4626AF88C600E21313 /* EventDetails.swift */ = {isa = PBXFileReference; lastKnownFileType = sourcecode.swift; path = EventDetails.swift; sourceTree = "<group>"; };
		972BFE7926159F87003B7429 /* RoundedButton.swift */ = {isa = PBXFileReference; lastKnownFileType = sourcecode.swift; path = RoundedButton.swift; sourceTree = "<group>"; };
		972E323A245A8BC300E9DAAA /* DateDots-Bridging-Header.h */ = {isa = PBXFileReference; lastKnownFileType = sourcecode.c.h; path = "DateDots-Bridging-Header.h"; sourceTree = "<group>"; };
		97364CE01AFBF44A0095BC57 /* DateDots.app */ = {isa = PBXFileReference; explicitFileType = wrapper.application; includeInIndex = 0; path = DateDots.app; sourceTree = BUILT_PRODUCTS_DIR; };
		97364CE41AFBF44A0095BC57 /* Info.plist */ = {isa = PBXFileReference; lastKnownFileType = text.plist.xml; path = Info.plist; sourceTree = "<group>"; };
		97364CE51AFBF44A0095BC57 /* AppDelegate.swift */ = {isa = PBXFileReference; lastKnownFileType = sourcecode.swift; path = AppDelegate.swift; sourceTree = "<group>"; };
		97364CEA1AFBF44A0095BC57 /* InitialImportViewController.swift */ = {isa = PBXFileReference; lastKnownFileType = sourcecode.swift; path = InitialImportViewController.swift; sourceTree = "<group>"; };
		97364CED1AFBF44A0095BC57 /* Base */ = {isa = PBXFileReference; lastKnownFileType = file.storyboard; name = Base; path = Base.lproj/Main.storyboard; sourceTree = "<group>"; };
		97364CEF1AFBF44A0095BC57 /* Images.xcassets */ = {isa = PBXFileReference; lastKnownFileType = folder.assetcatalog; path = Images.xcassets; sourceTree = "<group>"; };
		97364CF21AFBF44A0095BC57 /* Base */ = {isa = PBXFileReference; lastKnownFileType = file.xib; name = Base; path = Base.lproj/LaunchScreen.xib; sourceTree = "<group>"; };
		97364CF81AFBF44A0095BC57 /* DateDotsTests.xctest */ = {isa = PBXFileReference; explicitFileType = wrapper.cfbundle; includeInIndex = 0; path = DateDotsTests.xctest; sourceTree = BUILT_PRODUCTS_DIR; };
		97364CFD1AFBF44A0095BC57 /* Info.plist */ = {isa = PBXFileReference; lastKnownFileType = text.plist.xml; path = Info.plist; sourceTree = "<group>"; };
		97364CFE1AFBF44A0095BC57 /* DateAidTests.swift */ = {isa = PBXFileReference; lastKnownFileType = sourcecode.swift; path = DateAidTests.swift; sourceTree = "<group>"; };
		9749E6CE24837C1200DAAB49 /* CoreDataManager.swift */ = {isa = PBXFileReference; lastKnownFileType = sourcecode.swift; path = CoreDataManager.swift; sourceTree = "<group>"; };
		974E950C267E94B00018A9D5 /* EventCreationManager.swift */ = {isa = PBXFileReference; lastKnownFileType = sourcecode.swift; path = EventCreationManager.swift; sourceTree = "<group>"; };
		975713AC24553A9900EDD963 /* CircleLabel.swift */ = {isa = PBXFileReference; lastKnownFileType = sourcecode.swift; path = CircleLabel.swift; sourceTree = "<group>"; };
		975713AE24553BD400EDD963 /* CircleImageView.swift */ = {isa = PBXFileReference; lastKnownFileType = sourcecode.swift; path = CircleImageView.swift; sourceTree = "<group>"; };
		975975EE25EE1134006C5285 /* Array+Subscript.swift */ = {isa = PBXFileReference; lastKnownFileType = sourcecode.swift; path = "Array+Subscript.swift"; sourceTree = "<group>"; };
		9763D5282535749000EB10BC /* DeviceModel.swift */ = {isa = PBXFileReference; lastKnownFileType = sourcecode.swift; path = DeviceModel.swift; sourceTree = "<group>"; };
		976473AB24330CE000D2F11D /* EventCircleImageView.swift */ = {isa = PBXFileReference; lastKnownFileType = sourcecode.swift; path = EventCircleImageView.swift; sourceTree = "<group>"; };
		97682FF21DB3032600E8C5E6 /* InitialImportPresenter.swift */ = {isa = PBXFileReference; fileEncoding = 4; lastKnownFileType = sourcecode.swift; path = InitialImportPresenter.swift; sourceTree = "<group>"; };
		97690A6D2526EAD200E396EB /* ReminderCircleLabel.swift */ = {isa = PBXFileReference; lastKnownFileType = sourcecode.swift; path = ReminderCircleLabel.swift; sourceTree = "<group>"; };
		976BD4F61B2D079200415D65 /* EventCell.swift */ = {isa = PBXFileReference; fileEncoding = 4; lastKnownFileType = sourcecode.swift; path = EventCell.swift; sourceTree = "<group>"; };
		976ED7781DA0D5E300AC5D29 /* ContactManager.swift */ = {isa = PBXFileReference; fileEncoding = 4; lastKnownFileType = sourcecode.swift; path = ContactManager.swift; sourceTree = "<group>"; };
		9774AB3E28449D7E00FC1C12 /* ReminderView.swift */ = {isa = PBXFileReference; fileEncoding = 4; lastKnownFileType = sourcecode.swift; path = ReminderView.swift; sourceTree = "<group>"; };
		9774AB3F28449D7E00FC1C12 /* ReminderPresenter.swift */ = {isa = PBXFileReference; fileEncoding = 4; lastKnownFileType = sourcecode.swift; path = ReminderPresenter.swift; sourceTree = "<group>"; };
		9774AB4028449D7E00FC1C12 /* ReminderViewController.swift */ = {isa = PBXFileReference; fileEncoding = 4; lastKnownFileType = sourcecode.swift; path = ReminderViewController.swift; sourceTree = "<group>"; };
		9774AB4128449D7E00FC1C12 /* Reminder.swift */ = {isa = PBXFileReference; fileEncoding = 4; lastKnownFileType = sourcecode.swift; path = Reminder.swift; sourceTree = "<group>"; };
		9774AB4228449D7E00FC1C12 /* ReminderInteractor.swift */ = {isa = PBXFileReference; fileEncoding = 4; lastKnownFileType = sourcecode.swift; path = ReminderInteractor.swift; sourceTree = "<group>"; };
		9774AB4328449D7E00FC1C12 /* ReminderRouter.swift */ = {isa = PBXFileReference; fileEncoding = 4; lastKnownFileType = sourcecode.swift; path = ReminderRouter.swift; sourceTree = "<group>"; };
		9774AB4428449D7E00FC1C12 /* ReminderDetails.swift */ = {isa = PBXFileReference; fileEncoding = 4; lastKnownFileType = sourcecode.swift; path = ReminderDetails.swift; sourceTree = "<group>"; };
		9774AC86263BDDF90066CFB5 /* NoteCell.swift */ = {isa = PBXFileReference; fileEncoding = 4; lastKnownFileType = sourcecode.swift; path = NoteCell.swift; sourceTree = "<group>"; };
		9774DB522467C5E800211D9A /* BaseView.swift */ = {isa = PBXFileReference; lastKnownFileType = sourcecode.swift; path = BaseView.swift; sourceTree = "<group>"; };
		9774DB552467C61300211D9A /* ConstructableView.swift */ = {isa = PBXFileReference; lastKnownFileType = sourcecode.swift; path = ConstructableView.swift; sourceTree = "<group>"; };
		977E3B011DA197FF005D131F /* CNContact+Tasks.swift */ = {isa = PBXFileReference; fileEncoding = 4; lastKnownFileType = sourcecode.swift; path = "CNContact+Tasks.swift"; sourceTree = "<group>"; };
		977E3B031DA1A4A1005D131F /* EventType.swift */ = {isa = PBXFileReference; fileEncoding = 4; lastKnownFileType = sourcecode.swift; path = EventType.swift; sourceTree = "<group>"; };
		97811EF2247236D2009787DA /* PaddedTextField.swift */ = {isa = PBXFileReference; lastKnownFileType = sourcecode.swift; path = PaddedTextField.swift; sourceTree = "<group>"; };
		9781F362261BD8620086CC01 /* EventsView.swift */ = {isa = PBXFileReference; lastKnownFileType = sourcecode.swift; path = EventsView.swift; sourceTree = "<group>"; };
		9781F9851E3E8A3A00E2C434 /* EventsNavigationPresenter.swift */ = {isa = PBXFileReference; fileEncoding = 4; lastKnownFileType = sourcecode.swift; path = EventsNavigationPresenter.swift; sourceTree = "<group>"; };
		9781F9871E3E8A4500E2C434 /* EventsNavigationRouter.swift */ = {isa = PBXFileReference; fileEncoding = 4; lastKnownFileType = sourcecode.swift; path = EventsNavigationRouter.swift; sourceTree = "<group>"; };
		978E710425D25E060052AD24 /* UIDevice+Type.swift */ = {isa = PBXFileReference; lastKnownFileType = sourcecode.swift; path = "UIDevice+Type.swift"; sourceTree = "<group>"; };
		97901FAB2467C82C00912CB0 /* Populatable.swift */ = {isa = PBXFileReference; lastKnownFileType = sourcecode.swift; path = Populatable.swift; sourceTree = "<group>"; };
		9791F78A1BD4CCDF001E82BB /* Address.swift */ = {isa = PBXFileReference; fileEncoding = 4; lastKnownFileType = sourcecode.swift; path = Address.swift; sourceTree = "<group>"; };
		9794A92A262E533700C2385C /* EventDetailsInteractor.swift */ = {isa = PBXFileReference; lastKnownFileType = sourcecode.swift; path = EventDetailsInteractor.swift; sourceTree = "<group>"; };
		9796AEC725EFF660003933C5 /* NoteDetailsViewController.swift */ = {isa = PBXFileReference; lastKnownFileType = sourcecode.swift; path = NoteDetailsViewController.swift; sourceTree = "<group>"; };
		9796AECB25EFF69C003933C5 /* NoteDetailsRouter.swift */ = {isa = PBXFileReference; lastKnownFileType = sourcecode.swift; path = NoteDetailsRouter.swift; sourceTree = "<group>"; };
		9796AECF25EFF6A9003933C5 /* NoteDetailsPresenter.swift */ = {isa = PBXFileReference; lastKnownFileType = sourcecode.swift; path = NoteDetailsPresenter.swift; sourceTree = "<group>"; };
		9796AED525EFF6B4003933C5 /* NoteDetailsInteractor.swift */ = {isa = PBXFileReference; lastKnownFileType = sourcecode.swift; path = NoteDetailsInteractor.swift; sourceTree = "<group>"; };
		9796AEE325F09177003933C5 /* NoteDetailType.swift */ = {isa = PBXFileReference; lastKnownFileType = sourcecode.swift; path = NoteDetailType.swift; sourceTree = "<group>"; };
		979C36A41E0E12770098345E /* EventsRouter.swift */ = {isa = PBXFileReference; fileEncoding = 4; lastKnownFileType = sourcecode.swift; path = EventsRouter.swift; sourceTree = "<group>"; };
		979C36A61E0E14A80098345E /* InitialImportEventHandling.swift */ = {isa = PBXFileReference; fileEncoding = 4; lastKnownFileType = sourcecode.swift; path = InitialImportEventHandling.swift; sourceTree = "<group>"; };
		979C36A81E0E14B20098345E /* InitialImportViewOutputting.swift */ = {isa = PBXFileReference; fileEncoding = 4; lastKnownFileType = sourcecode.swift; path = InitialImportViewOutputting.swift; sourceTree = "<group>"; };
		979C36AA1E0E14C20098345E /* InitialImportWireframe.swift */ = {isa = PBXFileReference; fileEncoding = 4; lastKnownFileType = sourcecode.swift; path = InitialImportWireframe.swift; sourceTree = "<group>"; };
		979F3DC8262AAB38000FD1EB /* EventAging.swift */ = {isa = PBXFileReference; lastKnownFileType = sourcecode.swift; path = EventAging.swift; sourceTree = "<group>"; };
		97A00A90248C84D900AB7F85 /* NotificationManager.swift */ = {isa = PBXFileReference; lastKnownFileType = sourcecode.swift; path = NotificationManager.swift; sourceTree = "<group>"; };
		97AD26A71BD81C59004C1C7D /* Note.swift */ = {isa = PBXFileReference; fileEncoding = 4; lastKnownFileType = sourcecode.swift; path = Note.swift; sourceTree = "<group>"; };
		97AEAC0B1B2DFD6900ADF181 /* Optional+IsEmptyOrNil.swift */ = {isa = PBXFileReference; fileEncoding = 4; lastKnownFileType = sourcecode.swift; path = "Optional+IsEmptyOrNil.swift"; sourceTree = "<group>"; };
		97AEAC0D1B2EA58000ADF181 /* Date+Utilities.swift */ = {isa = PBXFileReference; fileEncoding = 4; lastKnownFileType = sourcecode.swift; path = "Date+Utilities.swift"; sourceTree = "<group>"; };
		97B099BB1BF55C5600ADE476 /* Security.framework */ = {isa = PBXFileReference; lastKnownFileType = wrapper.framework; name = Security.framework; path = System/Library/Frameworks/Security.framework; sourceTree = SDKROOT; };
		97B099BD1BF55C5C00ADE476 /* SystemConfiguration.framework */ = {isa = PBXFileReference; lastKnownFileType = wrapper.framework; name = SystemConfiguration.framework; path = System/Library/Frameworks/SystemConfiguration.framework; sourceTree = SDKROOT; };
		97B40DAA1DA17900000DA0E0 /* ContactConverter.swift */ = {isa = PBXFileReference; fileEncoding = 4; lastKnownFileType = sourcecode.swift; path = ContactConverter.swift; sourceTree = "<group>"; };
		97B40DAC1DA18DA6000DA0E0 /* NSManagedObjectContext+Fetch.swift */ = {isa = PBXFileReference; fileEncoding = 4; lastKnownFileType = sourcecode.swift; path = "NSManagedObjectContext+Fetch.swift"; sourceTree = "<group>"; };
		97B5F1A81BD02F3C00CEFFAF /* Event.swift */ = {isa = PBXFileReference; fileEncoding = 4; lastKnownFileType = sourcecode.swift; path = Event.swift; sourceTree = "<group>"; };
		97B67D851E512F86006C3216 /* InitialImportInteractor.swift */ = {isa = PBXFileReference; fileEncoding = 4; lastKnownFileType = sourcecode.swift; path = InitialImportInteractor.swift; sourceTree = "<group>"; };
		97B67D871E512F95006C3216 /* InitialImportInteractorInputting.swift */ = {isa = PBXFileReference; fileEncoding = 4; lastKnownFileType = sourcecode.swift; path = InitialImportInteractorInputting.swift; sourceTree = "<group>"; };
		97B67D891E512FA1006C3216 /* InitialImportInteractorOutputting.swift */ = {isa = PBXFileReference; fileEncoding = 4; lastKnownFileType = sourcecode.swift; path = InitialImportInteractorOutputting.swift; sourceTree = "<group>"; };
		97B9A516262CA5B600C980AC /* InfoCircleImageView.swift */ = {isa = PBXFileReference; lastKnownFileType = sourcecode.swift; path = InfoCircleImageView.swift; sourceTree = "<group>"; };
		97B9A51E262CA5ED00C980AC /* InfoType.swift */ = {isa = PBXFileReference; lastKnownFileType = sourcecode.swift; path = InfoType.swift; sourceTree = "<group>"; };
		97BDFCEF265E124E0061E0CB /* EventCreationRouter.swift */ = {isa = PBXFileReference; lastKnownFileType = sourcecode.swift; path = EventCreationRouter.swift; sourceTree = "<group>"; };
		97BDFCF1265E13520061E0CB /* EventCreationView.swift */ = {isa = PBXFileReference; lastKnownFileType = sourcecode.swift; path = EventCreationView.swift; sourceTree = "<group>"; };
		97BDFCF3265E136B0061E0CB /* EventCreationViewController.swift */ = {isa = PBXFileReference; lastKnownFileType = sourcecode.swift; path = EventCreationViewController.swift; sourceTree = "<group>"; };
		97BDFCF7265E138E0061E0CB /* EventCreationPresenter.swift */ = {isa = PBXFileReference; lastKnownFileType = sourcecode.swift; path = EventCreationPresenter.swift; sourceTree = "<group>"; };
		97BDFCF9265E13A00061E0CB /* EventCreationInteractor.swift */ = {isa = PBXFileReference; lastKnownFileType = sourcecode.swift; path = EventCreationInteractor.swift; sourceTree = "<group>"; };
		97C05178269686AE00709C0F /* UIView+Spring.swift */ = {isa = PBXFileReference; lastKnownFileType = sourcecode.swift; path = "UIView+Spring.swift"; sourceTree = "<group>"; };
		97C059F226C1039500DF7160 /* CalendarManager.swift */ = {isa = PBXFileReference; lastKnownFileType = sourcecode.swift; path = CalendarManager.swift; sourceTree = "<group>"; };
		97D0C113260C2ED300700C09 /* NoteDetailsView.swift */ = {isa = PBXFileReference; lastKnownFileType = sourcecode.swift; path = NoteDetailsView.swift; sourceTree = "<group>"; };
		97D7E20D24D760E300A28F60 /* Font.swift */ = {isa = PBXFileReference; lastKnownFileType = sourcecode.swift; path = Font.swift; sourceTree = "<group>"; };
		97D97C2A26AFDC0E0000F2B9 /* DateAid_V4.xcdatamodel */ = {isa = PBXFileReference; lastKnownFileType = wrapper.xcdatamodel; path = DateAid_V4.xcdatamodel; sourceTree = "<group>"; };
		97E0818A1DAA1F5B00B0ED5F /* EventsViewController.swift */ = {isa = PBXFileReference; fileEncoding = 4; lastKnownFileType = sourcecode.swift; path = EventsViewController.swift; sourceTree = "<group>"; };
		97E5F36B263DC5AB00395D87 /* Routing.swift */ = {isa = PBXFileReference; lastKnownFileType = sourcecode.swift; path = Routing.swift; sourceTree = "<group>"; };
		97E8E5F4268AE431004D355D /* Calendar+Utilities.swift */ = {isa = PBXFileReference; lastKnownFileType = sourcecode.swift; path = "Calendar+Utilities.swift"; sourceTree = "<group>"; };
		97F7AE5425E779BF0023BFA5 /* NoteType.swift */ = {isa = PBXFileReference; lastKnownFileType = sourcecode.swift; path = NoteType.swift; sourceTree = "<group>"; };
		97F7B1D2263DDC1F001D1313 /* Route.swift */ = {isa = PBXFileReference; lastKnownFileType = sourcecode.swift; path = Route.swift; sourceTree = "<group>"; };
		97F8FFC625F9E618003F05D2 /* EventNaming.swift */ = {isa = PBXFileReference; lastKnownFileType = sourcecode.swift; path = EventNaming.swift; sourceTree = "<group>"; };
/* End PBXFileReference section */

/* Begin PBXFrameworksBuildPhase section */
		97364CDD1AFBF44A0095BC57 /* Frameworks */ = {
			isa = PBXFrameworksBuildPhase;
			buildActionMask = 2147483647;
			files = (
				9719CCC6283DFF4800A3A18F /* Flurry in Frameworks */,
				97B099BE1BF55C5C00ADE476 /* SystemConfiguration.framework in Frameworks */,
				97B099BC1BF55C5600ADE476 /* Security.framework in Frameworks */,
			);
			runOnlyForDeploymentPostprocessing = 0;
		};
		97364CF51AFBF44A0095BC57 /* Frameworks */ = {
			isa = PBXFrameworksBuildPhase;
			buildActionMask = 2147483647;
			files = (
			);
			runOnlyForDeploymentPostprocessing = 0;
		};
/* End PBXFrameworksBuildPhase section */

/* Begin PBXGroup section */
		970C576D261F6DEE00C71592 /* CircleViews */ = {
			isa = PBXGroup;
			children = (
				975713AC24553A9900EDD963 /* CircleLabel.swift */,
				97690A6D2526EAD200E396EB /* ReminderCircleLabel.swift */,
				975713AE24553BD400EDD963 /* CircleImageView.swift */,
				976473AB24330CE000D2F11D /* EventCircleImageView.swift */,
				97B9A516262CA5B600C980AC /* InfoCircleImageView.swift */,
				9712376025F0A9F600924986 /* NoteCircleImageView.swift */,
			);
			path = CircleViews;
			sourceTree = "<group>";
		};
		970D93631BC47B9500D7F1FF /* Extensions */ = {
			isa = PBXGroup;
			children = (
				97AEAC0B1B2DFD6900ADF181 /* Optional+IsEmptyOrNil.swift */,
				970D93611BC4765900D7F1FF /* UIColor+Colors.swift */,
				97AEAC0D1B2EA58000ADF181 /* Date+Utilities.swift */,
				97E8E5F4268AE431004D355D /* Calendar+Utilities.swift */,
				97B40DAC1DA18DA6000DA0E0 /* NSManagedObjectContext+Fetch.swift */,
				977E3B011DA197FF005D131F /* CNContact+Tasks.swift */,
				975975EE25EE1134006C5285 /* Array+Subscript.swift */,
				97C05178269686AE00709C0F /* UIView+Spring.swift */,
				971E488826BDFF5800DE5691 /* DispatchQueue+Helpers.swift */,
			);
			name = Extensions;
			sourceTree = "<group>";
		};
		972D6659245FCEE200F5D5DB /* EventCreation */ = {
			isa = PBXGroup;
			children = (
				97BDFCEF265E124E0061E0CB /* EventCreationRouter.swift */,
				97BDFCF1265E13520061E0CB /* EventCreationView.swift */,
				97BDFCF3265E136B0061E0CB /* EventCreationViewController.swift */,
				97BDFCF7265E138E0061E0CB /* EventCreationPresenter.swift */,
				97BDFCF9265E13A00061E0CB /* EventCreationInteractor.swift */,
				974E950C267E94B00018A9D5 /* EventCreationManager.swift */,
			);
			path = EventCreation;
			sourceTree = "<group>";
		};
		972E323C245A8D9500E9DAAA /* Root Files */ = {
			isa = PBXGroup;
			children = (
				972E323A245A8BC300E9DAAA /* DateDots-Bridging-Header.h */,
				97364CE41AFBF44A0095BC57 /* Info.plist */,
			);
			name = "Root Files";
			sourceTree = "<group>";
		};
		97364CD71AFBF44A0095BC57 = {
			isa = PBXGroup;
			children = (
				97364CE21AFBF44A0095BC57 /* DateDots */,
				97364CFB1AFBF44A0095BC57 /* DateDotsTests */,
				97364CE11AFBF44A0095BC57 /* Products */,
				FB0A3B81F2621109FE6C5764 /* Frameworks */,
			);
			sourceTree = "<group>";
		};
		97364CE11AFBF44A0095BC57 /* Products */ = {
			isa = PBXGroup;
			children = (
				97364CE01AFBF44A0095BC57 /* DateDots.app */,
				97364CF81AFBF44A0095BC57 /* DateDotsTests.xctest */,
			);
			name = Products;
			sourceTree = "<group>";
		};
		97364CE21AFBF44A0095BC57 /* DateDots */ = {
			isa = PBXGroup;
			children = (
				972E323C245A8D9500E9DAAA /* Root Files */,
				97C901E6245A8855005AF301 /* Supporting Files */,
				97364CE51AFBF44A0095BC57 /* AppDelegate.swift */,
				97C901E8245A887E005AF301 /* Common */,
				970D93631BC47B9500D7F1FF /* Extensions */,
				97C901EC245A88D8005AF301 /* Import */,
				97C901EF245A8908005AF301 /* EventsNavigation */,
				97C901F1245A893D005AF301 /* Events */,
				97C901F4245A897A005AF301 /* EventDetails */,
				972D6659245FCEE200F5D5DB /* EventCreation */,
				9796AEC625EFF636003933C5 /* NoteDetails */,
			);
			path = DateDots;
			sourceTree = "<group>";
		};
		97364CFB1AFBF44A0095BC57 /* DateDotsTests */ = {
			isa = PBXGroup;
			children = (
				97364CFE1AFBF44A0095BC57 /* DateAidTests.swift */,
				97364CFC1AFBF44A0095BC57 /* Supporting Files */,
			);
			path = DateDotsTests;
			sourceTree = "<group>";
		};
		97364CFC1AFBF44A0095BC57 /* Supporting Files */ = {
			isa = PBXGroup;
			children = (
				97364CFD1AFBF44A0095BC57 /* Info.plist */,
			);
			name = "Supporting Files";
			sourceTree = "<group>";
		};
		9749E6D124837D3900DAAB49 /* DataModels */ = {
			isa = PBXGroup;
			children = (
				97943B571B0EDEB3004FC095 /* DateAid.xcdatamodeld */,
			);
			path = DataModels;
			sourceTree = "<group>";
		};
		9774AB3D28449D7E00FC1C12 /* Reminders */ = {
			isa = PBXGroup;
			children = (
				9774AB3E28449D7E00FC1C12 /* ReminderView.swift */,
				9774AB3F28449D7E00FC1C12 /* ReminderPresenter.swift */,
				9774AB4028449D7E00FC1C12 /* ReminderViewController.swift */,
				9774AB4128449D7E00FC1C12 /* Reminder.swift */,
				9774AB4228449D7E00FC1C12 /* ReminderInteractor.swift */,
				9774AB4328449D7E00FC1C12 /* ReminderRouter.swift */,
				9774AB4428449D7E00FC1C12 /* ReminderDetails.swift */,
			);
			name = Reminders;
			path = DateDots/Reminders;
			sourceTree = SOURCE_ROOT;
		};
		9774DB542467C60500211D9A /* BaseView */ = {
			isa = PBXGroup;
			children = (
				9774DB522467C5E800211D9A /* BaseView.swift */,
				9774DB552467C61300211D9A /* ConstructableView.swift */,
				97901FAB2467C82C00912CB0 /* Populatable.swift */,
			);
			path = BaseView;
			sourceTree = "<group>";
		};
		978E710825D25E230052AD24 /* Device */ = {
			isa = PBXGroup;
			children = (
				9763D5282535749000EB10BC /* DeviceModel.swift */,
				978E710425D25E060052AD24 /* UIDevice+Type.swift */,
			);
			path = Device;
			sourceTree = "<group>";
		};
		9796AEC625EFF636003933C5 /* NoteDetails */ = {
			isa = PBXGroup;
			children = (
				9796AECB25EFF69C003933C5 /* NoteDetailsRouter.swift */,
				9796AEC725EFF660003933C5 /* NoteDetailsViewController.swift */,
				9796AECF25EFF6A9003933C5 /* NoteDetailsPresenter.swift */,
				9796AED525EFF6B4003933C5 /* NoteDetailsInteractor.swift */,
				97D0C113260C2ED300700C09 /* NoteDetailsView.swift */,
				9796AEE325F09177003933C5 /* NoteDetailType.swift */,
			);
			path = NoteDetails;
			sourceTree = "<group>";
		};
		97C901E6245A8855005AF301 /* Supporting Files */ = {
			isa = PBXGroup;
			children = (
				97364CF11AFBF44A0095BC57 /* LaunchScreen.xib */,
				97364CEF1AFBF44A0095BC57 /* Images.xcassets */,
			);
			path = "Supporting Files";
			sourceTree = "<group>";
		};
		97C901E8245A887E005AF301 /* Common */ = {
			isa = PBXGroup;
			children = (
				97364CEC1AFBF44A0095BC57 /* Main.storyboard */,
				9774AB3D28449D7E00FC1C12 /* Reminders */,
				97E1F5402668AD5700C6AF46 /* Entities */,
				9749E6D124837D3900DAAB49 /* DataModels */,
				978E710825D25E230052AD24 /* Device */,
				97C901EA245A88B4005AF301 /* Managers */,
				97C901F6245A89B6005AF301 /* Models */,
				97F8FFC525F9E5EF003F05D2 /* Protocols */,
				97F7B1CD263DD7DE001D1313 /* Routing */,
				97C901E9245A88A7005AF301 /* Views */,
			);
			path = Common;
			sourceTree = "<group>";
		};
		97C901E9245A88A7005AF301 /* Views */ = {
			isa = PBXGroup;
			children = (
				9774DB542467C60500211D9A /* BaseView */,
				970C576D261F6DEE00C71592 /* CircleViews */,
				972BFE7926159F87003B7429 /* RoundedButton.swift */,
				97811EF2247236D2009787DA /* PaddedTextField.swift */,
			);
			path = Views;
			sourceTree = "<group>";
		};
		97C901EA245A88B4005AF301 /* Managers */ = {
			isa = PBXGroup;
			children = (
				976ED7781DA0D5E300AC5D29 /* ContactManager.swift */,
				97B40DAA1DA17900000DA0E0 /* ContactConverter.swift */,
				9749E6CE24837C1200DAAB49 /* CoreDataManager.swift */,
				97A00A90248C84D900AB7F85 /* NotificationManager.swift */,
				9715A27E26671F8C00719111 /* DatePickerManager.swift */,
				97C059F226C1039500DF7160 /* CalendarManager.swift */,
			);
			path = Managers;
			sourceTree = "<group>";
		};
		97C901EC245A88D8005AF301 /* Import */ = {
			isa = PBXGroup;
			children = (
				97364CEA1AFBF44A0095BC57 /* InitialImportViewController.swift */,
				97682FF21DB3032600E8C5E6 /* InitialImportPresenter.swift */,
				979C36AA1E0E14C20098345E /* InitialImportWireframe.swift */,
				97B67D851E512F86006C3216 /* InitialImportInteractor.swift */,
				979C36A61E0E14A80098345E /* InitialImportEventHandling.swift */,
				97B67D871E512F95006C3216 /* InitialImportInteractorInputting.swift */,
				97B67D891E512FA1006C3216 /* InitialImportInteractorOutputting.swift */,
				979C36A81E0E14B20098345E /* InitialImportViewOutputting.swift */,
				971E488A26BE125C00DE5691 /* InitialImportView.swift */,
			);
			path = Import;
			sourceTree = "<group>";
		};
		97C901EF245A8908005AF301 /* EventsNavigation */ = {
			isa = PBXGroup;
			children = (
				9781F9871E3E8A4500E2C434 /* EventsNavigationRouter.swift */,
				970622411E2C32100020743C /* EventsNavigationViewController.swift */,
				9781F9851E3E8A3A00E2C434 /* EventsNavigationPresenter.swift */,
			);
			path = EventsNavigation;
			sourceTree = "<group>";
		};
		97C901F1245A893D005AF301 /* Events */ = {
			isa = PBXGroup;
			children = (
				979C36A41E0E12770098345E /* EventsRouter.swift */,
				9781F362261BD8620086CC01 /* EventsView.swift */,
				97E0818A1DAA1F5B00B0ED5F /* EventsViewController.swift */,
				9707A7E81DBBFD6100C4A9C0 /* EventsPresenter.swift */,
				9707A7EA1DBC073D00C4A9C0 /* EventsInteractor.swift */,
				970C5765261ECBD000C71592 /* EventSectionHeader.swift */,
				976BD4F61B2D079200415D65 /* EventCell.swift */,
				9774AC86263BDDF90066CFB5 /* NoteCell.swift */,
			);
			name = Events;
			path = Events/Events;
			sourceTree = "<group>";
		};
		97C901F4245A897A005AF301 /* EventDetails */ = {
			isa = PBXGroup;
			children = (
				97069CD92627BC5D00102F89 /* EventDetailsRouter.swift */,
				971029302626B536007300E3 /* EventDetailsView.swift */,
				97069CE12627C3B200102F89 /* EventDetailsViewController.swift */,
				97069CD32627BC4200102F89 /* EventDetailsPresenter.swift */,
				9794A92A262E533700C2385C /* EventDetailsInteractor.swift */,
				9727AA4626AF88C600E21313 /* EventDetails.swift */,
			);
			path = EventDetails;
			sourceTree = "<group>";
		};
		97C901F6245A89B6005AF301 /* Models */ = {
			isa = PBXGroup;
			children = (
				977E3B031DA1A4A1005D131F /* EventType.swift */,
				97B9A51E262CA5ED00C980AC /* InfoType.swift */,
				97F7AE5425E779BF0023BFA5 /* NoteType.swift */,
				97D7E20D24D760E300A28F60 /* Font.swift */,
			);
			path = Models;
			sourceTree = "<group>";
		};
		97E1F5402668AD5700C6AF46 /* Entities */ = {
			isa = PBXGroup;
			children = (
				97AD26A71BD81C59004C1C7D /* Note.swift */,
				9791F78A1BD4CCDF001E82BB /* Address.swift */,
				97B5F1A81BD02F3C00CEFFAF /* Event.swift */,
			);
			path = Entities;
			sourceTree = "<group>";
		};
		97F7B1CD263DD7DE001D1313 /* Routing */ = {
			isa = PBXGroup;
			children = (
				97F7B1D2263DDC1F001D1313 /* Route.swift */,
				97E5F36B263DC5AB00395D87 /* Routing.swift */,
			);
			path = Routing;
			sourceTree = "<group>";
		};
		97F8FFC525F9E5EF003F05D2 /* Protocols */ = {
			isa = PBXGroup;
			children = (
				97F8FFC625F9E618003F05D2 /* EventNaming.swift */,
				979F3DC8262AAB38000FD1EB /* EventAging.swift */,
			);
			path = Protocols;
			sourceTree = "<group>";
		};
		FB0A3B81F2621109FE6C5764 /* Frameworks */ = {
			isa = PBXGroup;
			children = (
				97B099BD1BF55C5C00ADE476 /* SystemConfiguration.framework */,
				97B099BB1BF55C5600ADE476 /* Security.framework */,
			);
			name = Frameworks;
			sourceTree = "<group>";
		};
/* End PBXGroup section */

/* Begin PBXNativeTarget section */
		97364CDF1AFBF44A0095BC57 /* DateDots */ = {
			isa = PBXNativeTarget;
			buildConfigurationList = 97364D021AFBF44A0095BC57 /* Build configuration list for PBXNativeTarget "DateDots" */;
			buildPhases = (
				97364CDC1AFBF44A0095BC57 /* Sources */,
				97364CDD1AFBF44A0095BC57 /* Frameworks */,
				97364CDE1AFBF44A0095BC57 /* Resources */,
			);
			buildRules = (
			);
			dependencies = (
			);
			name = DateDots;
			packageProductDependencies = (
				9719CCC5283DFF4800A3A18F /* Flurry */,
			);
			productName = DateAid;
			productReference = 97364CE01AFBF44A0095BC57 /* DateDots.app */;
			productType = "com.apple.product-type.application";
		};
		97364CF71AFBF44A0095BC57 /* DateDotsTests */ = {
			isa = PBXNativeTarget;
			buildConfigurationList = 97364D051AFBF44A0095BC57 /* Build configuration list for PBXNativeTarget "DateDotsTests" */;
			buildPhases = (
				97364CF41AFBF44A0095BC57 /* Sources */,
				97364CF51AFBF44A0095BC57 /* Frameworks */,
				97364CF61AFBF44A0095BC57 /* Resources */,
			);
			buildRules = (
			);
			dependencies = (
				97364CFA1AFBF44A0095BC57 /* PBXTargetDependency */,
			);
			name = DateDotsTests;
			productName = DateAidTests;
			productReference = 97364CF81AFBF44A0095BC57 /* DateDotsTests.xctest */;
			productType = "com.apple.product-type.bundle.unit-test";
		};
/* End PBXNativeTarget section */

/* Begin PBXProject section */
		97364CD81AFBF44A0095BC57 /* Project object */ = {
			isa = PBXProject;
			attributes = {
				LastSwiftMigration = 0700;
				LastSwiftUpdateCheck = 0700;
				LastUpgradeCheck = 1200;
				ORGANIZATIONNAME = "Aaron Williamson";
				TargetAttributes = {
					97364CDF1AFBF44A0095BC57 = {
						CreatedOnToolsVersion = 6.3.1;
						DevelopmentTeam = 5GJ9V4N76W;
						LastSwiftMigration = 1130;
					};
					97364CF71AFBF44A0095BC57 = {
						CreatedOnToolsVersion = 6.3.1;
						LastSwiftMigration = 1130;
						TestTargetID = 97364CDF1AFBF44A0095BC57;
					};
				};
			};
			buildConfigurationList = 97364CDB1AFBF44A0095BC57 /* Build configuration list for PBXProject "DateDots" */;
			compatibilityVersion = "Xcode 3.2";
			developmentRegion = en;
			hasScannedForEncodings = 0;
			knownRegions = (
				en,
				Base,
			);
			mainGroup = 97364CD71AFBF44A0095BC57;
			packageReferences = (
				9719CCC4283DFF4800A3A18F /* XCRemoteSwiftPackageReference "FlurrySwiftPackage" */,
			);
			productRefGroup = 97364CE11AFBF44A0095BC57 /* Products */;
			projectDirPath = "";
			projectRoot = "";
			targets = (
				97364CDF1AFBF44A0095BC57 /* DateDots */,
				97364CF71AFBF44A0095BC57 /* DateDotsTests */,
			);
		};
/* End PBXProject section */

/* Begin PBXResourcesBuildPhase section */
		97364CDE1AFBF44A0095BC57 /* Resources */ = {
			isa = PBXResourcesBuildPhase;
			buildActionMask = 2147483647;
			files = (
				97364CEE1AFBF44A0095BC57 /* Main.storyboard in Resources */,
				97364CF31AFBF44A0095BC57 /* LaunchScreen.xib in Resources */,
				97364CF01AFBF44A0095BC57 /* Images.xcassets in Resources */,
			);
			runOnlyForDeploymentPostprocessing = 0;
		};
		97364CF61AFBF44A0095BC57 /* Resources */ = {
			isa = PBXResourcesBuildPhase;
			buildActionMask = 2147483647;
			files = (
			);
			runOnlyForDeploymentPostprocessing = 0;
		};
/* End PBXResourcesBuildPhase section */

/* Begin PBXSourcesBuildPhase section */
		97364CDC1AFBF44A0095BC57 /* Sources */ = {
			isa = PBXSourcesBuildPhase;
			buildActionMask = 2147483647;
			files = (
				9796AECC25EFF69C003933C5 /* NoteDetailsRouter.swift in Sources */,
				972BFE7A26159F87003B7429 /* RoundedButton.swift in Sources */,
				974E950D267E94B00018A9D5 /* EventCreationManager.swift in Sources */,
				971029312626B536007300E3 /* EventDetailsView.swift in Sources */,
				97364CEB1AFBF44A0095BC57 /* InitialImportViewController.swift in Sources */,
				97C059F326C1039500DF7160 /* CalendarManager.swift in Sources */,
				979C36A91E0E14B20098345E /* InitialImportViewOutputting.swift in Sources */,
				9796AED025EFF6A9003933C5 /* NoteDetailsPresenter.swift in Sources */,
				9781F363261BD8620086CC01 /* EventsView.swift in Sources */,
				97D7E20E24D760E300A28F60 /* Font.swift in Sources */,
				97B9A51F262CA5ED00C980AC /* InfoType.swift in Sources */,
				97811EF3247236D2009787DA /* PaddedTextField.swift in Sources */,
				9727AA4726AF88C600E21313 /* EventDetails.swift in Sources */,
				97F8FFC725F9E618003F05D2 /* EventNaming.swift in Sources */,
				970C5766261ECBD000C71592 /* EventSectionHeader.swift in Sources */,
				97A00A91248C84D900AB7F85 /* NotificationManager.swift in Sources */,
				976BD4F71B2D079200415D65 /* EventCell.swift in Sources */,
				97069CE22627C3B200102F89 /* EventDetailsViewController.swift in Sources */,
				9774AC87263BDDF90066CFB5 /* NoteCell.swift in Sources */,
				97BDFCF2265E13520061E0CB /* EventCreationView.swift in Sources */,
				9791F78C1BD4CCDF001E82BB /* Address.swift in Sources */,
				975975EF25EE1134006C5285 /* Array+Subscript.swift in Sources */,
				97B9A517262CA5B600C980AC /* InfoCircleImageView.swift in Sources */,
				97901FAC2467C82C00912CB0 /* Populatable.swift in Sources */,
				97364CE61AFBF44A0095BC57 /* AppDelegate.swift in Sources */,
				9707A7EB1DBC073D00C4A9C0 /* EventsInteractor.swift in Sources */,
				9774DB532467C5E800211D9A /* BaseView.swift in Sources */,
				97943B591B0EDEB3004FC095 /* DateAid.xcdatamodeld in Sources */,
				97B67D861E512F86006C3216 /* InitialImportInteractor.swift in Sources */,
				97690A6E2526EAD200E396EB /* ReminderCircleLabel.swift in Sources */,
				9774AB4728449D7E00FC1C12 /* ReminderViewController.swift in Sources */,
				97F7B1D3263DDC1F001D1313 /* Route.swift in Sources */,
				9774AB4928449D7E00FC1C12 /* ReminderInteractor.swift in Sources */,
				97AEAC0E1B2EA58000ADF181 /* Date+Utilities.swift in Sources */,
				9774DB562467C61300211D9A /* ConstructableView.swift in Sources */,
				9774AB4528449D7E00FC1C12 /* ReminderView.swift in Sources */,
				97AD26A91BD81C59004C1C7D /* Note.swift in Sources */,
				979C36AB1E0E14C20098345E /* InitialImportWireframe.swift in Sources */,
				97E5F36C263DC5AB00395D87 /* Routing.swift in Sources */,
				97069CD42627BC4200102F89 /* EventDetailsPresenter.swift in Sources */,
				971E488926BDFF5800DE5691 /* DispatchQueue+Helpers.swift in Sources */,
				975713AD24553A9900EDD963 /* CircleLabel.swift in Sources */,
				9763D5292535749000EB10BC /* DeviceModel.swift in Sources */,
				979C36A71E0E14A80098345E /* InitialImportEventHandling.swift in Sources */,
				97F7AE5525E779BF0023BFA5 /* NoteType.swift in Sources */,
				9715A27F26671F8C00719111 /* DatePickerManager.swift in Sources */,
				9794A92B262E533700C2385C /* EventDetailsInteractor.swift in Sources */,
				977E3B041DA1A4A1005D131F /* EventType.swift in Sources */,
				9781F9881E3E8A4500E2C434 /* EventsNavigationRouter.swift in Sources */,
				9774AB4B28449D7E00FC1C12 /* ReminderDetails.swift in Sources */,
				9707A7E91DBBFD6100C4A9C0 /* EventsPresenter.swift in Sources */,
				979F3DC9262AAB38000FD1EB /* EventAging.swift in Sources */,
				97B40DAB1DA17900000DA0E0 /* ContactConverter.swift in Sources */,
				977E3B021DA197FF005D131F /* CNContact+Tasks.swift in Sources */,
				97BDFCF4265E136B0061E0CB /* EventCreationViewController.swift in Sources */,
				97BDFCF8265E138E0061E0CB /* EventCreationPresenter.swift in Sources */,
				9774AB4A28449D7E00FC1C12 /* ReminderRouter.swift in Sources */,
				9712376125F0A9F600924986 /* NoteCircleImageView.swift in Sources */,
				979C36A51E0E12770098345E /* EventsRouter.swift in Sources */,
				97B67D881E512F95006C3216 /* InitialImportInteractorInputting.swift in Sources */,
				97B40DAD1DA18DA6000DA0E0 /* NSManagedObjectContext+Fetch.swift in Sources */,
				9796AED625EFF6B4003933C5 /* NoteDetailsInteractor.swift in Sources */,
				9781F9861E3E8A3A00E2C434 /* EventsNavigationPresenter.swift in Sources */,
				9774AB4628449D7E00FC1C12 /* ReminderPresenter.swift in Sources */,
				97069CDA2627BC5D00102F89 /* EventDetailsRouter.swift in Sources */,
				970D93621BC4765900D7F1FF /* UIColor+Colors.swift in Sources */,
				970622421E2C32100020743C /* EventsNavigationViewController.swift in Sources */,
				9774AB4828449D7E00FC1C12 /* Reminder.swift in Sources */,
				97C05179269686AE00709C0F /* UIView+Spring.swift in Sources */,
				97D0C114260C2ED300700C09 /* NoteDetailsView.swift in Sources */,
				97682FF31DB3032600E8C5E6 /* InitialImportPresenter.swift in Sources */,
				97B5F1A91BD02F3C00CEFFAF /* Event.swift in Sources */,
				971E488B26BE125C00DE5691 /* InitialImportView.swift in Sources */,
				978E710525D25E060052AD24 /* UIDevice+Type.swift in Sources */,
				97E0818B1DAA1F5B00B0ED5F /* EventsViewController.swift in Sources */,
				975713AF24553BD400EDD963 /* CircleImageView.swift in Sources */,
				97B67D8A1E512FA1006C3216 /* InitialImportInteractorOutputting.swift in Sources */,
				97AEAC0C1B2DFD6900ADF181 /* Optional+IsEmptyOrNil.swift in Sources */,
				9796AEE425F09177003933C5 /* NoteDetailType.swift in Sources */,
				97E8E5F5268AE431004D355D /* Calendar+Utilities.swift in Sources */,
				9796AEC825EFF660003933C5 /* NoteDetailsViewController.swift in Sources */,
				97BDFCFA265E13A00061E0CB /* EventCreationInteractor.swift in Sources */,
				976ED7791DA0D5E300AC5D29 /* ContactManager.swift in Sources */,
				9749E6CF24837C1200DAAB49 /* CoreDataManager.swift in Sources */,
				976473AC24330CE000D2F11D /* EventCircleImageView.swift in Sources */,
				97BDFCF0265E124E0061E0CB /* EventCreationRouter.swift in Sources */,
			);
			runOnlyForDeploymentPostprocessing = 0;
		};
		97364CF41AFBF44A0095BC57 /* Sources */ = {
			isa = PBXSourcesBuildPhase;
			buildActionMask = 2147483647;
			files = (
				97364CFF1AFBF44A0095BC57 /* DateAidTests.swift in Sources */,
			);
			runOnlyForDeploymentPostprocessing = 0;
		};
/* End PBXSourcesBuildPhase section */

/* Begin PBXTargetDependency section */
		97364CFA1AFBF44A0095BC57 /* PBXTargetDependency */ = {
			isa = PBXTargetDependency;
			target = 97364CDF1AFBF44A0095BC57 /* DateDots */;
			targetProxy = 97364CF91AFBF44A0095BC57 /* PBXContainerItemProxy */;
		};
/* End PBXTargetDependency section */

/* Begin PBXVariantGroup section */
		97364CEC1AFBF44A0095BC57 /* Main.storyboard */ = {
			isa = PBXVariantGroup;
			children = (
				97364CED1AFBF44A0095BC57 /* Base */,
			);
			name = Main.storyboard;
			sourceTree = "<group>";
		};
		97364CF11AFBF44A0095BC57 /* LaunchScreen.xib */ = {
			isa = PBXVariantGroup;
			children = (
				97364CF21AFBF44A0095BC57 /* Base */,
			);
			name = LaunchScreen.xib;
			sourceTree = "<group>";
		};
/* End PBXVariantGroup section */

/* Begin XCBuildConfiguration section */
		97364D001AFBF44A0095BC57 /* Debug */ = {
			isa = XCBuildConfiguration;
			buildSettings = {
				ALWAYS_SEARCH_USER_PATHS = NO;
				CLANG_CXX_LANGUAGE_STANDARD = "gnu++0x";
				CLANG_CXX_LIBRARY = "libc++";
				CLANG_ENABLE_MODULES = YES;
				CLANG_ENABLE_OBJC_ARC = YES;
				CLANG_WARN_BLOCK_CAPTURE_AUTORELEASING = YES;
				CLANG_WARN_BOOL_CONVERSION = YES;
				CLANG_WARN_COMMA = YES;
				CLANG_WARN_CONSTANT_CONVERSION = YES;
				CLANG_WARN_DEPRECATED_OBJC_IMPLEMENTATIONS = YES;
				CLANG_WARN_DIRECT_OBJC_ISA_USAGE = YES_ERROR;
				CLANG_WARN_EMPTY_BODY = YES;
				CLANG_WARN_ENUM_CONVERSION = YES;
				CLANG_WARN_INFINITE_RECURSION = YES;
				CLANG_WARN_INT_CONVERSION = YES;
				CLANG_WARN_NON_LITERAL_NULL_CONVERSION = YES;
				CLANG_WARN_OBJC_IMPLICIT_RETAIN_SELF = YES;
				CLANG_WARN_OBJC_LITERAL_CONVERSION = YES;
				CLANG_WARN_OBJC_ROOT_CLASS = YES_ERROR;
				CLANG_WARN_QUOTED_INCLUDE_IN_FRAMEWORK_HEADER = YES;
				CLANG_WARN_RANGE_LOOP_ANALYSIS = YES;
				CLANG_WARN_STRICT_PROTOTYPES = YES;
				CLANG_WARN_SUSPICIOUS_MOVE = YES;
				CLANG_WARN_UNREACHABLE_CODE = YES;
				CLANG_WARN__DUPLICATE_METHOD_MATCH = YES;
				"CODE_SIGN_IDENTITY[sdk=iphoneos*]" = "iPhone Developer";
				COPY_PHASE_STRIP = NO;
				DEBUG_INFORMATION_FORMAT = "dwarf-with-dsym";
				ENABLE_STRICT_OBJC_MSGSEND = YES;
				ENABLE_TESTABILITY = YES;
				GCC_C_LANGUAGE_STANDARD = gnu99;
				GCC_DYNAMIC_NO_PIC = NO;
				GCC_NO_COMMON_BLOCKS = YES;
				GCC_OPTIMIZATION_LEVEL = 0;
				GCC_PREPROCESSOR_DEFINITIONS = (
					"DEBUG=1",
					"$(inherited)",
				);
				GCC_SYMBOLS_PRIVATE_EXTERN = NO;
				GCC_WARN_64_TO_32_BIT_CONVERSION = YES;
				GCC_WARN_ABOUT_RETURN_TYPE = YES_ERROR;
				GCC_WARN_UNDECLARED_SELECTOR = YES;
				GCC_WARN_UNINITIALIZED_AUTOS = YES_AGGRESSIVE;
				GCC_WARN_UNUSED_FUNCTION = YES;
				GCC_WARN_UNUSED_VARIABLE = YES;
				IPHONEOS_DEPLOYMENT_TARGET = 13.0;
				MTL_ENABLE_DEBUG_INFO = YES;
				ONLY_ACTIVE_ARCH = YES;
				SDKROOT = iphoneos;
				SWIFT_INCLUDE_PATHS = "";
				SWIFT_OBJC_BRIDGING_HEADER = "DateDots/DateDots-Bridging-Header.h";
				SWIFT_OPTIMIZATION_LEVEL = "-Onone";
				USER_HEADER_SEARCH_PATHS = "$(inherited)";
			};
			name = Debug;
		};
		97364D011AFBF44A0095BC57 /* Release */ = {
			isa = XCBuildConfiguration;
			buildSettings = {
				ALWAYS_SEARCH_USER_PATHS = NO;
				CLANG_CXX_LANGUAGE_STANDARD = "gnu++0x";
				CLANG_CXX_LIBRARY = "libc++";
				CLANG_ENABLE_MODULES = YES;
				CLANG_ENABLE_OBJC_ARC = YES;
				CLANG_WARN_BLOCK_CAPTURE_AUTORELEASING = YES;
				CLANG_WARN_BOOL_CONVERSION = YES;
				CLANG_WARN_COMMA = YES;
				CLANG_WARN_CONSTANT_CONVERSION = YES;
				CLANG_WARN_DEPRECATED_OBJC_IMPLEMENTATIONS = YES;
				CLANG_WARN_DIRECT_OBJC_ISA_USAGE = YES_ERROR;
				CLANG_WARN_EMPTY_BODY = YES;
				CLANG_WARN_ENUM_CONVERSION = YES;
				CLANG_WARN_INFINITE_RECURSION = YES;
				CLANG_WARN_INT_CONVERSION = YES;
				CLANG_WARN_NON_LITERAL_NULL_CONVERSION = YES;
				CLANG_WARN_OBJC_IMPLICIT_RETAIN_SELF = YES;
				CLANG_WARN_OBJC_LITERAL_CONVERSION = YES;
				CLANG_WARN_OBJC_ROOT_CLASS = YES_ERROR;
				CLANG_WARN_QUOTED_INCLUDE_IN_FRAMEWORK_HEADER = YES;
				CLANG_WARN_RANGE_LOOP_ANALYSIS = YES;
				CLANG_WARN_STRICT_PROTOTYPES = YES;
				CLANG_WARN_SUSPICIOUS_MOVE = YES;
				CLANG_WARN_UNREACHABLE_CODE = YES;
				CLANG_WARN__DUPLICATE_METHOD_MATCH = YES;
				"CODE_SIGN_IDENTITY[sdk=iphoneos*]" = "iPhone Developer";
				COPY_PHASE_STRIP = NO;
				DEBUG_INFORMATION_FORMAT = "dwarf-with-dsym";
				ENABLE_NS_ASSERTIONS = NO;
				ENABLE_STRICT_OBJC_MSGSEND = YES;
				FRAMEWORK_SEARCH_PATHS = "";
				GCC_C_LANGUAGE_STANDARD = gnu99;
				GCC_NO_COMMON_BLOCKS = YES;
				GCC_WARN_64_TO_32_BIT_CONVERSION = YES;
				GCC_WARN_ABOUT_RETURN_TYPE = YES_ERROR;
				GCC_WARN_UNDECLARED_SELECTOR = YES;
				GCC_WARN_UNINITIALIZED_AUTOS = YES_AGGRESSIVE;
				GCC_WARN_UNUSED_FUNCTION = YES;
				GCC_WARN_UNUSED_VARIABLE = YES;
				HEADER_SEARCH_PATHS = "";
				IPHONEOS_DEPLOYMENT_TARGET = 13.0;
				LIBRARY_SEARCH_PATHS = "";
				MTL_ENABLE_DEBUG_INFO = NO;
				SDKROOT = iphoneos;
				SWIFT_COMPILATION_MODE = wholemodule;
				SWIFT_INCLUDE_PATHS = "";
				SWIFT_OBJC_BRIDGING_HEADER = "DateDots/DateDots-Bridging-Header.h";
				SWIFT_OPTIMIZATION_LEVEL = "-O";
				USER_HEADER_SEARCH_PATHS = "";
				VALIDATE_PRODUCT = YES;
			};
			name = Release;
		};
		97364D031AFBF44A0095BC57 /* Debug */ = {
			isa = XCBuildConfiguration;
			buildSettings = {
				ASSETCATALOG_COMPILER_APPICON_NAME = AppIcon;
				CLANG_ENABLE_MODULES = YES;
				CODE_SIGN_IDENTITY = "iPhone Developer";
				CURRENT_PROJECT_VERSION = 1;
				ENABLE_BITCODE = NO;
				FRAMEWORK_SEARCH_PATHS = "$(inherited)";
				INFOPLIST_FILE = DateDots/Info.plist;
				IPHONEOS_DEPLOYMENT_TARGET = 13.0;
				LD_RUNPATH_SEARCH_PATHS = (
					"$(inherited)",
					"@executable_path/Frameworks",
				);
				MARKETING_VERSION = 2.0.1;
				OTHER_LDFLAGS = "$(inherited)";
				OTHER_LIBTOOLFLAGS = "$(inherited)";
				OTHER_SWIFT_FLAGS = "";
				PRODUCT_BUNDLE_IDENTIFIER = com.datedots.Datedots;
				PRODUCT_NAME = "$(TARGET_NAME)";
				SWIFT_INCLUDE_PATHS = "$(inherited)";
				SWIFT_OBJC_BRIDGING_HEADER = "";
				SWIFT_OPTIMIZATION_LEVEL = "-Onone";
				SWIFT_SWIFT3_OBJC_INFERENCE = Default;
				SWIFT_VERSION = 5.0;
			};
			name = Debug;
		};
		97364D041AFBF44A0095BC57 /* Release */ = {
			isa = XCBuildConfiguration;
			buildSettings = {
				ASSETCATALOG_COMPILER_APPICON_NAME = AppIcon;
				CLANG_ENABLE_MODULES = YES;
				CODE_SIGN_IDENTITY = "iPhone Developer";
				CURRENT_PROJECT_VERSION = 1;
				ENABLE_BITCODE = NO;
				FRAMEWORK_SEARCH_PATHS = "$(inherited)";
				HEADER_SEARCH_PATHS = "$(inherited)";
				INFOPLIST_FILE = DateDots/Info.plist;
				IPHONEOS_DEPLOYMENT_TARGET = 13.0;
				LD_RUNPATH_SEARCH_PATHS = (
					"$(inherited)",
					"@executable_path/Frameworks",
				);
				MARKETING_VERSION = 2.0.1;
				OTHER_LDFLAGS = "$(inherited)";
				OTHER_LIBTOOLFLAGS = "$(inherited)";
				OTHER_SWIFT_FLAGS = "";
				PRODUCT_BUNDLE_IDENTIFIER = com.datedots.Datedots;
				PRODUCT_NAME = "$(TARGET_NAME)";
				SWIFT_INCLUDE_PATHS = "";
				SWIFT_OBJC_BRIDGING_HEADER = "";
				SWIFT_SWIFT3_OBJC_INFERENCE = Default;
				SWIFT_VERSION = 5.0;
				USER_HEADER_SEARCH_PATHS = "";
			};
			name = Release;
		};
		97364D061AFBF44A0095BC57 /* Debug */ = {
			isa = XCBuildConfiguration;
			buildSettings = {
				BUNDLE_LOADER = "$(TEST_HOST)";
				FRAMEWORK_SEARCH_PATHS = (
					"$(SDKROOT)/Developer/Library/Frameworks",
					"$(inherited)",
				);
				GCC_PREPROCESSOR_DEFINITIONS = (
					"DEBUG=1",
					"$(inherited)",
				);
				INFOPLIST_FILE = DateDotsTests/Info.plist;
				LD_RUNPATH_SEARCH_PATHS = (
					"$(inherited)",
					"@executable_path/Frameworks",
					"@loader_path/Frameworks",
				);
				PRODUCT_BUNDLE_IDENTIFIER = "com.example.$(PRODUCT_NAME:rfc1034identifier)";
				PRODUCT_NAME = "$(TARGET_NAME)";
				SWIFT_SWIFT3_OBJC_INFERENCE = On;
				SWIFT_VERSION = 5.0;
				TEST_HOST = "$(BUILT_PRODUCTS_DIR)/DateDots.app/DateDots";
			};
			name = Debug;
		};
		97364D071AFBF44A0095BC57 /* Release */ = {
			isa = XCBuildConfiguration;
			buildSettings = {
				BUNDLE_LOADER = "$(TEST_HOST)";
				FRAMEWORK_SEARCH_PATHS = (
					"$(SDKROOT)/Developer/Library/Frameworks",
					"$(inherited)",
				);
				INFOPLIST_FILE = DateDotsTests/Info.plist;
				LD_RUNPATH_SEARCH_PATHS = (
					"$(inherited)",
					"@executable_path/Frameworks",
					"@loader_path/Frameworks",
				);
				PRODUCT_BUNDLE_IDENTIFIER = "com.example.$(PRODUCT_NAME:rfc1034identifier)";
				PRODUCT_NAME = "$(TARGET_NAME)";
				SWIFT_SWIFT3_OBJC_INFERENCE = On;
				SWIFT_VERSION = 5.0;
				TEST_HOST = "$(BUILT_PRODUCTS_DIR)/DateDots.app/DateDots";
			};
			name = Release;
		};
/* End XCBuildConfiguration section */

/* Begin XCConfigurationList section */
		97364CDB1AFBF44A0095BC57 /* Build configuration list for PBXProject "DateDots" */ = {
			isa = XCConfigurationList;
			buildConfigurations = (
				97364D001AFBF44A0095BC57 /* Debug */,
				97364D011AFBF44A0095BC57 /* Release */,
			);
			defaultConfigurationIsVisible = 0;
			defaultConfigurationName = Release;
		};
		97364D021AFBF44A0095BC57 /* Build configuration list for PBXNativeTarget "DateDots" */ = {
			isa = XCConfigurationList;
			buildConfigurations = (
				97364D031AFBF44A0095BC57 /* Debug */,
				97364D041AFBF44A0095BC57 /* Release */,
			);
			defaultConfigurationIsVisible = 0;
			defaultConfigurationName = Release;
		};
		97364D051AFBF44A0095BC57 /* Build configuration list for PBXNativeTarget "DateDotsTests" */ = {
			isa = XCConfigurationList;
			buildConfigurations = (
				97364D061AFBF44A0095BC57 /* Debug */,
				97364D071AFBF44A0095BC57 /* Release */,
			);
			defaultConfigurationIsVisible = 0;
			defaultConfigurationName = Release;
		};
/* End XCConfigurationList section */

/* Begin XCRemoteSwiftPackageReference section */
		9719CCC4283DFF4800A3A18F /* XCRemoteSwiftPackageReference "FlurrySwiftPackage" */ = {
			isa = XCRemoteSwiftPackageReference;
			repositoryURL = "https://github.com/flurry/FlurrySwiftPackage/";
			requirement = {
				kind = upToNextMajorVersion;
				minimumVersion = 12.0.0;
			};
		};
/* End XCRemoteSwiftPackageReference section */

/* Begin XCSwiftPackageProductDependency section */
		9719CCC5283DFF4800A3A18F /* Flurry */ = {
			isa = XCSwiftPackageProductDependency;
			package = 9719CCC4283DFF4800A3A18F /* XCRemoteSwiftPackageReference "FlurrySwiftPackage" */;
			productName = Flurry;
		};
/* End XCSwiftPackageProductDependency section */

/* Begin XCVersionGroup section */
		97943B571B0EDEB3004FC095 /* DateAid.xcdatamodeld */ = {
			isa = XCVersionGroup;
			children = (
				97D97C2A26AFDC0E0000F2B9 /* DateAid_V4.xcdatamodel */,
			);
			currentVersion = 97D97C2A26AFDC0E0000F2B9 /* DateAid_V4.xcdatamodel */;
			path = DateAid.xcdatamodeld;
			sourceTree = "<group>";
			versionGroupType = wrapper.xcdatamodel;
		};
/* End XCVersionGroup section */
	};
	rootObject = 97364CD81AFBF44A0095BC57 /* Project object */;
}
